
Microsoft Visual Studio Solution File, Format Version 12.00
# Visual Studio 15
VisualStudioVersion = 15.0.28307.102
MinimumVisualStudioVersion = 10.0.40219.1
Project("{FAE04EC0-301F-11D3-BF4B-00C04F79EFBC}") = "WandelApp.Android", "WandelApp\WandelApp.Android\WandelApp.Android.csproj", "{DA274F4B-CBE9-45C5-ABA4-E071A968C0FF}"
EndProject
Project("{FAE04EC0-301F-11D3-BF4B-00C04F79EFBC}") = "WandelApp", "WandelApp\WandelApp\WandelApp.csproj", "{AFB7F582-EFFE-4F8A-B3FC-24C692A8E71F}"
EndProject
Global
	GlobalSection(SolutionConfigurationPlatforms) = preSolution
		Debug|Any CPU = Debug|Any CPU
		Release|Any CPU = Release|Any CPU
	EndGlobalSection
	GlobalSection(ProjectConfigurationPlatforms) = postSolution
		{DA274F4B-CBE9-45C5-ABA4-E071A968C0FF}.Debug|Any CPU.ActiveCfg = Debug|Any CPU
		{DA274F4B-CBE9-45C5-ABA4-E071A968C0FF}.Debug|Any CPU.Build.0 = Debug|Any CPU
		{DA274F4B-CBE9-45C5-ABA4-E071A968C0FF}.Debug|Any CPU.Deploy.0 = Debug|Any CPU
		{DA274F4B-CBE9-45C5-ABA4-E071A968C0FF}.Release|Any CPU.ActiveCfg = Release|Any CPU
		{DA274F4B-CBE9-45C5-ABA4-E071A968C0FF}.Release|Any CPU.Build.0 = Release|Any CPU
		{DA274F4B-CBE9-45C5-ABA4-E071A968C0FF}.Release|Any CPU.Deploy.0 = Release|Any CPU
		{AFB7F582-EFFE-4F8A-B3FC-24C692A8E71F}.Debug|Any CPU.ActiveCfg = Debug|Any CPU
		{AFB7F582-EFFE-4F8A-B3FC-24C692A8E71F}.Debug|Any CPU.Build.0 = Debug|Any CPU
		{AFB7F582-EFFE-4F8A-B3FC-24C692A8E71F}.Debug|Any CPU.Deploy.0 = Debug|Any CPU
		{AFB7F582-EFFE-4F8A-B3FC-24C692A8E71F}.Release|Any CPU.ActiveCfg = Release|Any CPU
		{AFB7F582-EFFE-4F8A-B3FC-24C692A8E71F}.Release|Any CPU.Build.0 = Release|Any CPU
		{AFB7F582-EFFE-4F8A-B3FC-24C692A8E71F}.Release|Any CPU.Deploy.0 = Release|Any CPU
	EndGlobalSection
	GlobalSection(SolutionProperties) = preSolution
		HideSolutionNode = FALSE
	EndGlobalSection
	GlobalSection(ExtensibilityGlobals) = postSolution
		SolutionGuid = {06DB7F5E-75CE-4ADB-8A5A-260042ADEAA5}
	EndGlobalSection
EndGlobal
